// !$*UTF8*$!
{
	archiveVersion = 1;
	classes = {
	};
	objectVersion = 56;
	objects = {

/* Begin PBXBuildFile section */
		8132A6852C01D338003F93FB /* AppDelegate.m in Sources */ = {isa = PBXBuildFile; fileRef = 8132A6842C01D338003F93FB /* AppDelegate.m */; };
		8132A6882C01D338003F93FB /* SceneDelegate.m in Sources */ = {isa = PBXBuildFile; fileRef = 8132A6872C01D338003F93FB /* SceneDelegate.m */; };
		8132A68B2C01D338003F93FB /* ViewController.m in Sources */ = {isa = PBXBuildFile; fileRef = 8132A68A2C01D338003F93FB /* ViewController.m */; };
		8132A68E2C01D338003F93FB /* Main.storyboard in Resources */ = {isa = PBXBuildFile; fileRef = 8132A68C2C01D338003F93FB /* Main.storyboard */; };
		8132A6912C01D338003F93FB /* TodoApp.xcdatamodeld in Sources */ = {isa = PBXBuildFile; fileRef = 8132A68F2C01D338003F93FB /* TodoApp.xcdatamodeld */; };
		8132A6932C01D33A003F93FB /* Assets.xcassets in Resources */ = {isa = PBXBuildFile; fileRef = 8132A6922C01D33A003F93FB /* Assets.xcassets */; };
		8132A6962C01D33A003F93FB /* LaunchScreen.storyboard in Resources */ = {isa = PBXBuildFile; fileRef = 8132A6942C01D33A003F93FB /* LaunchScreen.storyboard */; };
		8132A6992C01D33A003F93FB /* main.m in Sources */ = {isa = PBXBuildFile; fileRef = 8132A6982C01D33A003F93FB /* main.m */; };
		8132A6A32C01D33A003F93FB /* TodoAppTests.m in Sources */ = {isa = PBXBuildFile; fileRef = 8132A6A22C01D33A003F93FB /* TodoAppTests.m */; };
		8132A6AD2C01D33A003F93FB /* TodoAppUITests.m in Sources */ = {isa = PBXBuildFile; fileRef = 8132A6AC2C01D33A003F93FB /* TodoAppUITests.m */; };
		8132A6AF2C01D33A003F93FB /* TodoAppUITestsLaunchTests.m in Sources */ = {isa = PBXBuildFile; fileRef = 8132A6AE2C01D33A003F93FB /* TodoAppUITestsLaunchTests.m */; };
		8132A6BD2C01D3B2003F93FB /* Task.m in Sources */ = {isa = PBXBuildFile; fileRef = 8132A6BC2C01D3B2003F93FB /* Task.m */; };
		8132A6BF2C01E2F3003F93FB /* logo.png in Resources */ = {isa = PBXBuildFile; fileRef = 8132A6BE2C01E2F3003F93FB /* logo.png */; };
/* End PBXBuildFile section */

/* Begin PBXContainerItemProxy section */
		8132A69F2C01D33A003F93FB /* PBXContainerItemProxy */ = {
			isa = PBXContainerItemProxy;
			containerPortal = 8132A6782C01D338003F93FB /* Project object */;
			proxyType = 1;
			remoteGlobalIDString = 8132A67F2C01D338003F93FB;
			remoteInfo = TodoApp;
		};
		8132A6A92C01D33A003F93FB /* PBXContainerItemProxy */ = {
			isa = PBXContainerItemProxy;
			containerPortal = 8132A6782C01D338003F93FB /* Project object */;
			proxyType = 1;
			remoteGlobalIDString = 8132A67F2C01D338003F93FB;
			remoteInfo = TodoApp;
		};
/* End PBXContainerItemProxy section */

/* Begin PBXFileReference section */
		8132A6802C01D338003F93FB /* TodoApp.app */ = {isa = PBXFileReference; explicitFileType = wrapper.application; includeInIndex = 0; path = TodoApp.app; sourceTree = BUILT_PRODUCTS_DIR; };
		8132A6832C01D338003F93FB /* AppDelegate.h */ = {isa = PBXFileReference; lastKnownFileType = sourcecode.c.h; path = AppDelegate.h; sourceTree = "<group>"; };
		8132A6842C01D338003F93FB /* AppDelegate.m */ = {isa = PBXFileReference; lastKnownFileType = sourcecode.c.objc; path = AppDelegate.m; sourceTree = "<group>"; };
		8132A6862C01D338003F93FB /* SceneDelegate.h */ = {isa = PBXFileReference; lastKnownFileType = sourcecode.c.h; path = SceneDelegate.h; sourceTree = "<group>"; };
		8132A6872C01D338003F93FB /* SceneDelegate.m */ = {isa = PBXFileReference; lastKnownFileType = sourcecode.c.objc; path = SceneDelegate.m; sourceTree = "<group>"; };
		8132A6892C01D338003F93FB /* ViewController.h */ = {isa = PBXFileReference; lastKnownFileType = sourcecode.c.h; path = ViewController.h; sourceTree = "<group>"; };
		8132A68A2C01D338003F93FB /* ViewController.m */ = {isa = PBXFileReference; lastKnownFileType = sourcecode.c.objc; path = ViewController.m; sourceTree = "<group>"; };
		8132A68D2C01D338003F93FB /* Base */ = {isa = PBXFileReference; lastKnownFileType = file.storyboard; name = Base; path = Base.lproj/Main.storyboard; sourceTree = "<group>"; };
		8132A6902C01D338003F93FB /* TodoApp.xcdatamodel */ = {isa = PBXFileReference; lastKnownFileType = wrapper.xcdatamodel; path = TodoApp.xcdatamodel; sourceTree = "<group>"; };
		8132A6922C01D33A003F93FB /* Assets.xcassets */ = {isa = PBXFileReference; lastKnownFileType = folder.assetcatalog; path = Assets.xcassets; sourceTree = "<group>"; };
		8132A6952C01D33A003F93FB /* Base */ = {isa = PBXFileReference; lastKnownFileType = file.storyboard; name = Base; path = Base.lproj/LaunchScreen.storyboard; sourceTree = "<group>"; };
		8132A6972C01D33A003F93FB /* Info.plist */ = {isa = PBXFileReference; lastKnownFileType = text.plist.xml; path = Info.plist; sourceTree = "<group>"; };
		8132A6982C01D33A003F93FB /* main.m */ = {isa = PBXFileReference; lastKnownFileType = sourcecode.c.objc; path = main.m; sourceTree = "<group>"; };
		8132A69E2C01D33A003F93FB /* TodoAppTests.xctest */ = {isa = PBXFileReference; explicitFileType = wrapper.cfbundle; includeInIndex = 0; path = TodoAppTests.xctest; sourceTree = BUILT_PRODUCTS_DIR; };
		8132A6A22C01D33A003F93FB /* TodoAppTests.m */ = {isa = PBXFileReference; lastKnownFileType = sourcecode.c.objc; path = TodoAppTests.m; sourceTree = "<group>"; };
		8132A6A82C01D33A003F93FB /* TodoAppUITests.xctest */ = {isa = PBXFileReference; explicitFileType = wrapper.cfbundle; includeInIndex = 0; path = TodoAppUITests.xctest; sourceTree = BUILT_PRODUCTS_DIR; };
		8132A6AC2C01D33A003F93FB /* TodoAppUITests.m */ = {isa = PBXFileReference; lastKnownFileType = sourcecode.c.objc; path = TodoAppUITests.m; sourceTree = "<group>"; };
		8132A6AE2C01D33A003F93FB /* TodoAppUITestsLaunchTests.m */ = {isa = PBXFileReference; lastKnownFileType = sourcecode.c.objc; path = TodoAppUITestsLaunchTests.m; sourceTree = "<group>"; };
		8132A6BB2C01D3B2003F93FB /* Task.h */ = {isa = PBXFileReference; lastKnownFileType = sourcecode.c.h; path = Task.h; sourceTree = "<group>"; };
		8132A6BC2C01D3B2003F93FB /* Task.m */ = {isa = PBXFileReference; lastKnownFileType = sourcecode.c.objc; path = Task.m; sourceTree = "<group>"; };
		8132A6BE2C01E2F3003F93FB /* logo.png */ = {isa = PBXFileReference; lastKnownFileType = image.png; path = logo.png; sourceTree = "<group>"; };
/* End PBXFileReference section */

/* Begin PBXFrameworksBuildPhase section */
		8132A67D2C01D338003F93FB /* Frameworks */ = {
			isa = PBXFrameworksBuildPhase;
			buildActionMask = 2147483647;
			files = (
			);
			runOnlyForDeploymentPostprocessing = 0;
		};
		8132A69B2C01D33A003F93FB /* Frameworks */ = {
			isa = PBXFrameworksBuildPhase;
			buildActionMask = 2147483647;
			files = (
			);
			runOnlyForDeploymentPostprocessing = 0;
		};
		8132A6A52C01D33A003F93FB /* Frameworks */ = {
			isa = PBXFrameworksBuildPhase;
			buildActionMask = 2147483647;
			files = (
			);
			runOnlyForDeploymentPostprocessing = 0;
		};
/* End PBXFrameworksBuildPhase section */

/* Begin PBXGroup section */
		8132A6772C01D338003F93FB = {
			isa = PBXGroup;
			children = (
				8132A6822C01D338003F93FB /* TodoApp */,
				8132A6A12C01D33A003F93FB /* TodoAppTests */,
				8132A6AB2C01D33A003F93FB /* TodoAppUITests */,
				8132A6812C01D338003F93FB /* Products */,
			);
			sourceTree = "<group>";
		};
		8132A6812C01D338003F93FB /* Products */ = {
			isa = PBXGroup;
			children = (
				8132A6802C01D338003F93FB /* TodoApp.app */,
				8132A69E2C01D33A003F93FB /* TodoAppTests.xctest */,
				8132A6A82C01D33A003F93FB /* TodoAppUITests.xctest */,
			);
			name = Products;
			sourceTree = "<group>";
		};
		8132A6822C01D338003F93FB /* TodoApp */ = {
			isa = PBXGroup;
			children = (
				8132A6BE2C01E2F3003F93FB /* logo.png */,
				8132A6832C01D338003F93FB /* AppDelegate.h */,
				8132A6842C01D338003F93FB /* AppDelegate.m */,
				8132A6862C01D338003F93FB /* SceneDelegate.h */,
				8132A6872C01D338003F93FB /* SceneDelegate.m */,
				8132A6892C01D338003F93FB /* ViewController.h */,
				8132A68A2C01D338003F93FB /* ViewController.m */,
				8132A68C2C01D338003F93FB /* Main.storyboard */,
				8132A6922C01D33A003F93FB /* Assets.xcassets */,
				8132A6942C01D33A003F93FB /* LaunchScreen.storyboard */,
				8132A6972C01D33A003F93FB /* Info.plist */,
				8132A6982C01D33A003F93FB /* main.m */,
				8132A68F2C01D338003F93FB /* TodoApp.xcdatamodeld */,
				8132A6BB2C01D3B2003F93FB /* Task.h */,
				8132A6BC2C01D3B2003F93FB /* Task.m */,
			);
			path = TodoApp;
			sourceTree = "<group>";
		};
		8132A6A12C01D33A003F93FB /* TodoAppTests */ = {
			isa = PBXGroup;
			children = (
				8132A6A22C01D33A003F93FB /* TodoAppTests.m */,
			);
			path = TodoAppTests;
			sourceTree = "<group>";
		};
		8132A6AB2C01D33A003F93FB /* TodoAppUITests */ = {
			isa = PBXGroup;
			children = (
				8132A6AC2C01D33A003F93FB /* TodoAppUITests.m */,
				8132A6AE2C01D33A003F93FB /* TodoAppUITestsLaunchTests.m */,
			);
			path = TodoAppUITests;
			sourceTree = "<group>";
		};
/* End PBXGroup section */

/* Begin PBXNativeTarget section */
		8132A67F2C01D338003F93FB /* TodoApp */ = {
			isa = PBXNativeTarget;
			buildConfigurationList = 8132A6B22C01D33A003F93FB /* Build configuration list for PBXNativeTarget "TodoApp" */;
			buildPhases = (
				8132A67C2C01D338003F93FB /* Sources */,
				8132A67D2C01D338003F93FB /* Frameworks */,
				8132A67E2C01D338003F93FB /* Resources */,
			);
			buildRules = (
			);
			dependencies = (
			);
			name = TodoApp;
			productName = TodoApp;
			productReference = 8132A6802C01D338003F93FB /* TodoApp.app */;
			productType = "com.apple.product-type.application";
		};
		8132A69D2C01D33A003F93FB /* TodoAppTests */ = {
			isa = PBXNativeTarget;
			buildConfigurationList = 8132A6B52C01D33A003F93FB /* Build configuration list for PBXNativeTarget "TodoAppTests" */;
			buildPhases = (
				8132A69A2C01D33A003F93FB /* Sources */,
				8132A69B2C01D33A003F93FB /* Frameworks */,
				8132A69C2C01D33A003F93FB /* Resources */,
			);
			buildRules = (
			);
			dependencies = (
				8132A6A02C01D33A003F93FB /* PBXTargetDependency */,
			);
			name = TodoAppTests;
			productName = TodoAppTests;
			productReference = 8132A69E2C01D33A003F93FB /* TodoAppTests.xctest */;
			productType = "com.apple.product-type.bundle.unit-test";
		};
		8132A6A72C01D33A003F93FB /* TodoAppUITests */ = {
			isa = PBXNativeTarget;
			buildConfigurationList = 8132A6B82C01D33A003F93FB /* Build configuration list for PBXNativeTarget "TodoAppUITests" */;
			buildPhases = (
				8132A6A42C01D33A003F93FB /* Sources */,
				8132A6A52C01D33A003F93FB /* Frameworks */,
				8132A6A62C01D33A003F93FB /* Resources */,
			);
			buildRules = (
			);
			dependencies = (
				8132A6AA2C01D33A003F93FB /* PBXTargetDependency */,
			);
			name = TodoAppUITests;
			productName = TodoAppUITests;
			productReference = 8132A6A82C01D33A003F93FB /* TodoAppUITests.xctest */;
			productType = "com.apple.product-type.bundle.ui-testing";
		};
/* End PBXNativeTarget section */

/* Begin PBXProject section */
		8132A6782C01D338003F93FB /* Project object */ = {
			isa = PBXProject;
			attributes = {
				BuildIndependentTargetsInParallel = 1;
				LastUpgradeCheck = 1500;
				TargetAttributes = {
					8132A67F2C01D338003F93FB = {
						CreatedOnToolsVersion = 15.0.1;
					};
					8132A69D2C01D33A003F93FB = {
						CreatedOnToolsVersion = 15.0.1;
						TestTargetID = 8132A67F2C01D338003F93FB;
					};
					8132A6A72C01D33A003F93FB = {
						CreatedOnToolsVersion = 15.0.1;
						TestTargetID = 8132A67F2C01D338003F93FB;
					};
				};
			};
			buildConfigurationList = 8132A67B2C01D338003F93FB /* Build configuration list for PBXProject "TodoApp" */;
			compatibilityVersion = "Xcode 14.0";
			developmentRegion = en;
			hasScannedForEncodings = 0;
			knownRegions = (
				en,
				Base,
			);
			mainGroup = 8132A6772C01D338003F93FB;
			productRefGroup = 8132A6812C01D338003F93FB /* Products */;
			projectDirPath = "";
			projectRoot = "";
			targets = (
				8132A67F2C01D338003F93FB /* TodoApp */,
				8132A69D2C01D33A003F93FB /* TodoAppTests */,
				8132A6A72C01D33A003F93FB /* TodoAppUITests */,
			);
		};
/* End PBXProject section */

/* Begin PBXResourcesBuildPhase section */
		8132A67E2C01D338003F93FB /* Resources */ = {
			isa = PBXResourcesBuildPhase;
			buildActionMask = 2147483647;
			files = (
				8132A6BF2C01E2F3003F93FB /* logo.png in Resources */,
				8132A6962C01D33A003F93FB /* LaunchScreen.storyboard in Resources */,
				8132A6932C01D33A003F93FB /* Assets.xcassets in Resources */,
				8132A68E2C01D338003F93FB /* Main.storyboard in Resources */,
			);
			runOnlyForDeploymentPostprocessing = 0;
		};
		8132A69C2C01D33A003F93FB /* Resources */ = {
			isa = PBXResourcesBuildPhase;
			buildActionMask = 2147483647;
			files = (
			);
			runOnlyForDeploymentPostprocessing = 0;
		};
		8132A6A62C01D33A003F93FB /* Resources */ = {
			isa = PBXResourcesBuildPhase;
			buildActionMask = 2147483647;
			files = (
			);
			runOnlyForDeploymentPostprocessing = 0;
		};
/* End PBXResourcesBuildPhase section */

/* Begin PBXSourcesBuildPhase section */
		8132A67C2C01D338003F93FB /* Sources */ = {
			isa = PBXSourcesBuildPhase;
			buildActionMask = 2147483647;
			files = (
				8132A6992C01D33A003F93FB /* main.m in Sources */,
				8132A68B2C01D338003F93FB /* ViewController.m in Sources */,
				8132A6852C01D338003F93FB /* AppDelegate.m in Sources */,
				8132A6882C01D338003F93FB /* SceneDelegate.m in Sources */,
				8132A6BD2C01D3B2003F93FB /* Task.m in Sources */,
				8132A6912C01D338003F93FB /* TodoApp.xcdatamodeld in Sources */,
			);
			runOnlyForDeploymentPostprocessing = 0;
		};
		8132A69A2C01D33A003F93FB /* Sources */ = {
			isa = PBXSourcesBuildPhase;
			buildActionMask = 2147483647;
			files = (
				8132A6A32C01D33A003F93FB /* TodoAppTests.m in Sources */,
			);
			runOnlyForDeploymentPostprocessing = 0;
		};
		8132A6A42C01D33A003F93FB /* Sources */ = {
			isa = PBXSourcesBuildPhase;
			buildActionMask = 2147483647;
			files = (
				8132A6AF2C01D33A003F93FB /* TodoAppUITestsLaunchTests.m in Sources */,
				8132A6AD2C01D33A003F93FB /* TodoAppUITests.m in Sources */,
			);
			runOnlyForDeploymentPostprocessing = 0;
		};
/* End PBXSourcesBuildPhase section */

/* Begin PBXTargetDependency section */
		8132A6A02C01D33A003F93FB /* PBXTargetDependency */ = {
			isa = PBXTargetDependency;
			target = 8132A67F2C01D338003F93FB /* TodoApp */;
			targetProxy = 8132A69F2C01D33A003F93FB /* PBXContainerItemProxy */;
		};
		8132A6AA2C01D33A003F93FB /* PBXTargetDependency */ = {
			isa = PBXTargetDependency;
			target = 8132A67F2C01D338003F93FB /* TodoApp */;
			targetProxy = 8132A6A92C01D33A003F93FB /* PBXContainerItemProxy */;
		};
/* End PBXTargetDependency section */

/* Begin PBXVariantGroup section */
		8132A68C2C01D338003F93FB /* Main.storyboard */ = {
			isa = PBXVariantGroup;
			children = (
				8132A68D2C01D338003F93FB /* Base */,
			);
			name = Main.storyboard;
			sourceTree = "<group>";
		};
		8132A6942C01D33A003F93FB /* LaunchScreen.storyboard */ = {
			isa = PBXVariantGroup;
			children = (
				8132A6952C01D33A003F93FB /* Base */,
			);
			name = LaunchScreen.storyboard;
			sourceTree = "<group>";
		};
/* End PBXVariantGroup section */

/* Begin XCBuildConfiguration section */
		8132A6B02C01D33A003F93FB /* Debug */ = {
			isa = XCBuildConfiguration;
			buildSettings = {
				ALWAYS_SEARCH_USER_PATHS = NO;
				ASSETCATALOG_COMPILER_GENERATE_SWIFT_ASSET_SYMBOL_EXTENSIONS = YES;
				CLANG_ANALYZER_NONNULL = YES;
				CLANG_ANALYZER_NUMBER_OBJECT_CONVERSION = YES_AGGRESSIVE;
				CLANG_CXX_LANGUAGE_STANDARD = "gnu++20";
				CLANG_ENABLE_MODULES = YES;
				CLANG_ENABLE_OBJC_ARC = YES;
				CLANG_ENABLE_OBJC_WEAK = YES;
				CLANG_WARN_BLOCK_CAPTURE_AUTORELEASING = YES;
				CLANG_WARN_BOOL_CONVERSION = YES;
				CLANG_WARN_COMMA = YES;
				CLANG_WARN_CONSTANT_CONVERSION = YES;
				CLANG_WARN_DEPRECATED_OBJC_IMPLEMENTATIONS = YES;
				CLANG_WARN_DIRECT_OBJC_ISA_USAGE = YES_ERROR;
				CLANG_WARN_DOCUMENTATION_COMMENTS = YES;
				CLANG_WARN_EMPTY_BODY = YES;
				CLANG_WARN_ENUM_CONVERSION = YES;
				CLANG_WARN_INFINITE_RECURSION = YES;
				CLANG_WARN_INT_CONVERSION = YES;
				CLANG_WARN_NON_LITERAL_NULL_CONVERSION = YES;
				CLANG_WARN_OBJC_IMPLICIT_RETAIN_SELF = YES;
				CLANG_WARN_OBJC_LITERAL_CONVERSION = YES;
				CLANG_WARN_OBJC_ROOT_CLASS = YES_ERROR;
				CLANG_WARN_QUOTED_INCLUDE_IN_FRAMEWORK_HEADER = YES;
				CLANG_WARN_RANGE_LOOP_ANALYSIS = YES;
				CLANG_WARN_STRICT_PROTOTYPES = YES;
				CLANG_WARN_SUSPICIOUS_MOVE = YES;
				CLANG_WARN_UNGUARDED_AVAILABILITY = YES_AGGRESSIVE;
				CLANG_WARN_UNREACHABLE_CODE = YES;
				CLANG_WARN__DUPLICATE_METHOD_MATCH = YES;
				COPY_PHASE_STRIP = NO;
				DEBUG_INFORMATION_FORMAT = dwarf;
				ENABLE_STRICT_OBJC_MSGSEND = YES;
				ENABLE_TESTABILITY = YES;
				ENABLE_USER_SCRIPT_SANDBOXING = YES;
				GCC_C_LANGUAGE_STANDARD = gnu17;
				GCC_DYNAMIC_NO_PIC = NO;
				GCC_NO_COMMON_BLOCKS = YES;
				GCC_OPTIMIZATION_LEVEL = 0;
				GCC_PREPROCESSOR_DEFINITIONS = (
					"DEBUG=1",
					"$(inherited)",
				);
				GCC_WARN_64_TO_32_BIT_CONVERSION = YES;
				GCC_WARN_ABOUT_RETURN_TYPE = YES_ERROR;
				GCC_WARN_UNDECLARED_SELECTOR = YES;
				GCC_WARN_UNINITIALIZED_AUTOS = YES_AGGRESSIVE;
				GCC_WARN_UNUSED_FUNCTION = YES;
				GCC_WARN_UNUSED_VARIABLE = YES;
				IPHONEOS_DEPLOYMENT_TARGET = 17.0;
				LOCALIZATION_PREFERS_STRING_CATALOGS = YES;
				MTL_ENABLE_DEBUG_INFO = INCLUDE_SOURCE;
				MTL_FAST_MATH = YES;
				ONLY_ACTIVE_ARCH = YES;
				SDKROOT = iphoneos;
			};
			name = Debug;
		};
		8132A6B12C01D33A003F93FB /* Release */ = {
			isa = XCBuildConfiguration;
			buildSettings = {
				ALWAYS_SEARCH_USER_PATHS = NO;
				ASSETCATALOG_COMPILER_GENERATE_SWIFT_ASSET_SYMBOL_EXTENSIONS = YES;
				CLANG_ANALYZER_NONNULL = YES;
				CLANG_ANALYZER_NUMBER_OBJECT_CONVERSION = YES_AGGRESSIVE;
				CLANG_CXX_LANGUAGE_STANDARD = "gnu++20";
				CLANG_ENABLE_MODULES = YES;
				CLANG_ENABLE_OBJC_ARC = YES;
				CLANG_ENABLE_OBJC_WEAK = YES;
				CLANG_WARN_BLOCK_CAPTURE_AUTORELEASING = YES;
				CLANG_WARN_BOOL_CONVERSION = YES;
				CLANG_WARN_COMMA = YES;
				CLANG_WARN_CONSTANT_CONVERSION = YES;
				CLANG_WARN_DEPRECATED_OBJC_IMPLEMENTATIONS = YES;
				CLANG_WARN_DIRECT_OBJC_ISA_USAGE = YES_ERROR;
				CLANG_WARN_DOCUMENTATION_COMMENTS = YES;
				CLANG_WARN_EMPTY_BODY = YES;
				CLANG_WARN_ENUM_CONVERSION = YES;
				CLANG_WARN_INFINITE_RECURSION = YES;
				CLANG_WARN_INT_CONVERSION = YES;
				CLANG_WARN_NON_LITERAL_NULL_CONVERSION = YES;
				CLANG_WARN_OBJC_IMPLICIT_RETAIN_SELF = YES;
				CLANG_WARN_OBJC_LITERAL_CONVERSION = YES;
				CLANG_WARN_OBJC_ROOT_CLASS = YES_ERROR;
				CLANG_WARN_QUOTED_INCLUDE_IN_FRAMEWORK_HEADER = YES;
				CLANG_WARN_RANGE_LOOP_ANALYSIS = YES;
				CLANG_WARN_STRICT_PROTOTYPES = YES;
				CLANG_WARN_SUSPICIOUS_MOVE = YES;
				CLANG_WARN_UNGUARDED_AVAILABILITY = YES_AGGRESSIVE;
				CLANG_WARN_UNREACHABLE_CODE = YES;
				CLANG_WARN__DUPLICATE_METHOD_MATCH = YES;
				COPY_PHASE_STRIP = NO;
				DEBUG_INFORMATION_FORMAT = "dwarf-with-dsym";
				ENABLE_NS_ASSERTIONS = NO;
				ENABLE_STRICT_OBJC_MSGSEND = YES;
				ENABLE_USER_SCRIPT_SANDBOXING = YES;
				GCC_C_LANGUAGE_STANDARD = gnu17;
				GCC_NO_COMMON_BLOCKS = YES;
				GCC_WARN_64_TO_32_BIT_CONVERSION = YES;
				GCC_WARN_ABOUT_RETURN_TYPE = YES_ERROR;
				GCC_WARN_UNDECLARED_SELECTOR = YES;
				GCC_WARN_UNINITIALIZED_AUTOS = YES_AGGRESSIVE;
				GCC_WARN_UNUSED_FUNCTION = YES;
				GCC_WARN_UNUSED_VARIABLE = YES;
				IPHONEOS_DEPLOYMENT_TARGET = 17.0;
				LOCALIZATION_PREFERS_STRING_CATALOGS = YES;
				MTL_ENABLE_DEBUG_INFO = NO;
				MTL_FAST_MATH = YES;
				SDKROOT = iphoneos;
				VALIDATE_PRODUCT = YES;
			};
			name = Release;
		};
		8132A6B32C01D33A003F93FB /* Debug */ = {
			isa = XCBuildConfiguration;
			buildSettings = {
				ASSETCATALOG_COMPILER_APPICON_NAME = AppIcon;
				ASSETCATALOG_COMPILER_GLOBAL_ACCENT_COLOR_NAME = AccentColor;
				CODE_SIGN_STYLE = Automatic;
				CURRENT_PROJECT_VERSION = 1;
				GENERATE_INFOPLIST_FILE = YES;
				INFOPLIST_FILE = TodoApp/Info.plist;
				INFOPLIST_KEY_UIApplicationSupportsIndirectInputEvents = YES;
				INFOPLIST_KEY_UILaunchStoryboardName = LaunchScreen;
				INFOPLIST_KEY_UIMainStoryboardFile = Main;
				INFOPLIST_KEY_UISupportedInterfaceOrientations_iPad = "UIInterfaceOrientationPortrait UIInterfaceOrientationPortraitUpsideDown UIInterfaceOrientationLandscapeLeft UIInterfaceOrientationLandscapeRight";
				INFOPLIST_KEY_UISupportedInterfaceOrientations_iPhone = "UIInterfaceOrientationPortrait UIInterfaceOrientationLandscapeLeft UIInterfaceOrientationLandscapeRight";
				LD_RUNPATH_SEARCH_PATHS = (
					"$(inherited)",
					"@executable_path/Frameworks",
				);
				MARKETING_VERSION = 1.0;
				PRODUCT_BUNDLE_IDENTIFIER = OLFU.TodoApp;
				PRODUCT_NAME = "$(TARGET_NAME)";
				SWIFT_EMIT_LOC_STRINGS = YES;
				TARGETED_DEVICE_FAMILY = "1,2";
			};
			name = Debug;
		};
		8132A6B42C01D33A003F93FB /* Release */ = {
			isa = XCBuildConfiguration;
			buildSettings = {
				ASSETCATALOG_COMPILER_APPICON_NAME = AppIcon;
				ASSETCATALOG_COMPILER_GLOBAL_ACCENT_COLOR_NAME = AccentColor;
				CODE_SIGN_STYLE = Automatic;
				CURRENT_PROJECT_VERSION = 1;
				GENERATE_INFOPLIST_FILE = YES;
				INFOPLIST_FILE = TodoApp/Info.plist;
				INFOPLIST_KEY_UIApplicationSupportsIndirectInputEvents = YES;
				INFOPLIST_KEY_UILaunchStoryboardName = LaunchScreen;
				INFOPLIST_KEY_UIMainStoryboardFile = Main;
				INFOPLIST_KEY_UISupportedInterfaceOrientations_iPad = "UIInterfaceOrientationPortrait UIInterfaceOrientationPortraitUpsideDown UIInterfaceOrientationLandscapeLeft UIInterfaceOrientationLandscapeRight";
				INFOPLIST_KEY_UISupportedInterfaceOrientations_iPhone = "UIInterfaceOrientationPortrait UIInterfaceOrientationLandscapeLeft UIInterfaceOrientationLandscapeRight";
				LD_RUNPATH_SEARCH_PATHS = (
					"$(inherited)",
					"@executable_path/Frameworks",
				);
				MARKETING_VERSION = 1.0;
				PRODUCT_BUNDLE_IDENTIFIER = OLFU.TodoApp;
				PRODUCT_NAME = "$(TARGET_NAME)";
				SWIFT_EMIT_LOC_STRINGS = YES;
				TARGETED_DEVICE_FAMILY = "1,2";
			};
			name = Release;
		};
		8132A6B62C01D33A003F93FB /* Debug */ = {
			isa = XCBuildConfiguration;
			buildSettings = {
				BUNDLE_LOADER = "$(TEST_HOST)";
				CODE_SIGN_STYLE = Automatic;
				CURRENT_PROJECT_VERSION = 1;
				GENERATE_INFOPLIST_FILE = YES;
				IPHONEOS_DEPLOYMENT_TARGET = 17.0;
				MARKETING_VERSION = 1.0;
				PRODUCT_BUNDLE_IDENTIFIER = OLFU.TodoAppTests;
				PRODUCT_NAME = "$(TARGET_NAME)";
				SWIFT_EMIT_LOC_STRINGS = NO;
				TARGETED_DEVICE_FAMILY = "1,2";
				TEST_HOST = "$(BUILT_PRODUCTS_DIR)/TodoApp.app/$(BUNDLE_EXECUTABLE_FOLDER_PATH)/TodoApp";
			};
			name = Debug;
		};
		8132A6B72C01D33A003F93FB /* Release */ = {
			isa = XCBuildConfiguration;
			buildSettings = {
				BUNDLE_LOADER = "$(TEST_HOST)";
				CODE_SIGN_STYLE = Automatic;
				CURRENT_PROJECT_VERSION = 1;
				GENERATE_INFOPLIST_FILE = YES;
				IPHONEOS_DEPLOYMENT_TARGET = 17.0;
				MARKETING_VERSION = 1.0;
				PRODUCT_BUNDLE_IDENTIFIER = OLFU.TodoAppTests;
				PRODUCT_NAME = "$(TARGET_NAME)";
				SWIFT_EMIT_LOC_STRINGS = NO;
				TARGETED_DEVICE_FAMILY = "1,2";
				TEST_HOST = "$(BUILT_PRODUCTS_DIR)/TodoApp.app/$(BUNDLE_EXECUTABLE_FOLDER_PATH)/TodoApp";
			};
			name = Release;
		};
		8132A6B92C01D33A003F93FB /* Debug */ = {
			isa = XCBuildConfiguration;
			buildSettings = {
				CODE_SIGN_STYLE = Automatic;
				CURRENT_PROJECT_VERSION = 1;
				GENERATE_INFOPLIST_FILE = YES;
				MARKETING_VERSION = 1.0;
				PRODUCT_BUNDLE_IDENTIFIER = OLFU.TodoAppUITests;
				PRODUCT_NAME = "$(TARGET_NAME)";
				SWIFT_EMIT_LOC_STRINGS = NO;
				TARGETED_DEVICE_FAMILY = "1,2";
				TEST_TARGET_NAME = TodoApp;
			};
			name = Debug;
		};
		8132A6BA2C01D33A003F93FB /* Release */ = {
			isa = XCBuildConfiguration;
			buildSettings = {
				CODE_SIGN_STYLE = Automatic;
				CURRENT_PROJECT_VERSION = 1;
				GENERATE_INFOPLIST_FILE = YES;
				MARKETING_VERSION = 1.0;
				PRODUCT_BUNDLE_IDENTIFIER = OLFU.TodoAppUITests;
				PRODUCT_NAME = "$(TARGET_NAME)";
				SWIFT_EMIT_LOC_STRINGS = NO;
				TARGETED_DEVICE_FAMILY = "1,2";
				TEST_TARGET_NAME = TodoApp;
			};
			name = Release;
		};
/* End XCBuildConfiguration section */

/* Begin XCConfigurationList section */
		8132A67B2C01D338003F93FB /* Build configuration list for PBXProject "TodoApp" */ = {
			isa = XCConfigurationList;
			buildConfigurations = (
				8132A6B02C01D33A003F93FB /* Debug */,
				8132A6B12C01D33A003F93FB /* Release */,
			);
			defaultConfigurationIsVisible = 0;
			defaultConfigurationName = Release;
		};
		8132A6B22C01D33A003F93FB /* Build configuration list for PBXNativeTarget "TodoApp" */ = {
			isa = XCConfigurationList;
			buildConfigurations = (
				8132A6B32C01D33A003F93FB /* Debug */,
				8132A6B42C01D33A003F93FB /* Release */,
			);
			defaultConfigurationIsVisible = 0;
			defaultConfigurationName = Release;
		};
		8132A6B52C01D33A003F93FB /* Build configuration list for PBXNativeTarget "TodoAppTests" */ = {
			isa = XCConfigurationList;
			buildConfigurations = (
				8132A6B62C01D33A003F93FB /* Debug */,
				8132A6B72C01D33A003F93FB /* Release */,
			);
			defaultConfigurationIsVisible = 0;
			defaultConfigurationName = Release;
		};
		8132A6B82C01D33A003F93FB /* Build configuration list for PBXNativeTarget "TodoAppUITests" */ = {
			isa = XCConfigurationList;
			buildConfigurations = (
				8132A6B92C01D33A003F93FB /* Debug */,
				8132A6BA2C01D33A003F93FB /* Release */,
			);
			defaultConfigurationIsVisible = 0;
			defaultConfigurationName = Release;
		};
/* End XCConfigurationList section */

/* Begin XCVersionGroup section */
		8132A68F2C01D338003F93FB /* TodoApp.xcdatamodeld */ = {
			isa = XCVersionGroup;
			children = (
				8132A6902C01D338003F93FB /* TodoApp.xcdatamodel */,
			);
			currentVersion = 8132A6902C01D338003F93FB /* TodoApp.xcdatamodel */;
			path = TodoApp.xcdatamodeld;
			sourceTree = "<group>";
			versionGroupType = wrapper.xcdatamodel;
		};
/* End XCVersionGroup section */
	};
	rootObject = 8132A6782C01D338003F93FB /* Project object */;
}
